
Microsoft Visual Studio Solution File, Format Version 12.00
# Visual Studio Version 17
VisualStudioVersion = 17.0.31903.59
MinimumVisualStudioVersion = 10.0.40219.1
Project("{2150E333-8FDC-42A3-9474-1A3956D46DE8}") = "MicroServices", "MicroServices", "{8A8F0D19-F446-4455-AEB5-13CBA2AD3374}"
EndProject
Project("{2150E333-8FDC-42A3-9474-1A3956D46DE8}") = "Domains", "Domains", "{CD58C2B1-FCD3-40C5-A2C1-0E53BDBE5351}"
EndProject
Project("{2150E333-8FDC-42A3-9474-1A3956D46DE8}") = "Infra.Bus", "Infra.Bus", "{B1313B1C-D7D8-4F0A-BC8D-7C5A9357528C}"
EndProject
Project("{2150E333-8FDC-42A3-9474-1A3956D46DE8}") = "Infra.IoC", "Infra.IoC", "{B4CF277E-3570-4E98-88EE-7F55D09E4351}"
EndProject
Project("{2150E333-8FDC-42A3-9474-1A3956D46DE8}") = "Presentations", "Presentations", "{00961E1D-4102-4CC4-9D69-B89EED37578B}"
EndProject
Project("{9A19103F-16F7-4668-BE54-9A1E7A4F7556}") = "MicroRabbit.Domain.Core", "MicroRabbit.Domain.Core\MicroRabbit.Domain.Core.csproj", "{361F2BFC-1ACC-481F-8BBC-91F836056428}"
EndProject
Project("{FAE04EC0-301F-11D3-BF4B-00C04F79EFBC}") = "MicroRabbit.Infra.Bus", "MicroRabbit.Infra.Bus\MicroRabbit.Infra.Bus.csproj", "{1D942C80-FA54-4207-A045-3FEB8E2842A4}"
EndProject
Project("{FAE04EC0-301F-11D3-BF4B-00C04F79EFBC}") = "MicoRabbit.Infra.IoC", "MicoRabbit.Infra.IoC\MicoRabbit.Infra.IoC.csproj", "{0C937E70-48A9-491E-8F98-4333A0BA4C68}"
EndProject
Global
	GlobalSection(SolutionConfigurationPlatforms) = preSolution
		Debug|Any CPU = Debug|Any CPU
		Release|Any CPU = Release|Any CPU
	EndGlobalSection
	GlobalSection(ProjectConfigurationPlatforms) = postSolution
		{361F2BFC-1ACC-481F-8BBC-91F836056428}.Debug|Any CPU.ActiveCfg = Debug|Any CPU
		{361F2BFC-1ACC-481F-8BBC-91F836056428}.Debug|Any CPU.Build.0 = Debug|Any CPU
		{361F2BFC-1ACC-481F-8BBC-91F836056428}.Release|Any CPU.ActiveCfg = Release|Any CPU
		{361F2BFC-1ACC-481F-8BBC-91F836056428}.Release|Any CPU.Build.0 = Release|Any CPU
		{1D942C80-FA54-4207-A045-3FEB8E2842A4}.Debug|Any CPU.ActiveCfg = Debug|Any CPU
		{1D942C80-FA54-4207-A045-3FEB8E2842A4}.Debug|Any CPU.Build.0 = Debug|Any CPU
		{1D942C80-FA54-4207-A045-3FEB8E2842A4}.Release|Any CPU.ActiveCfg = Release|Any CPU
		{1D942C80-FA54-4207-A045-3FEB8E2842A4}.Release|Any CPU.Build.0 = Release|Any CPU
		{0C937E70-48A9-491E-8F98-4333A0BA4C68}.Debug|Any CPU.ActiveCfg = Debug|Any CPU
		{0C937E70-48A9-491E-8F98-4333A0BA4C68}.Debug|Any CPU.Build.0 = Debug|Any CPU
		{0C937E70-48A9-491E-8F98-4333A0BA4C68}.Release|Any CPU.ActiveCfg = Release|Any CPU
		{0C937E70-48A9-491E-8F98-4333A0BA4C68}.Release|Any CPU.Build.0 = Release|Any CPU
	EndGlobalSection
	GlobalSection(SolutionProperties) = preSolution
		HideSolutionNode = FALSE
	EndGlobalSection
	GlobalSection(NestedProjects) = preSolution
		{361F2BFC-1ACC-481F-8BBC-91F836056428} = {CD58C2B1-FCD3-40C5-A2C1-0E53BDBE5351}
		{1D942C80-FA54-4207-A045-3FEB8E2842A4} = {B1313B1C-D7D8-4F0A-BC8D-7C5A9357528C}
		{0C937E70-48A9-491E-8F98-4333A0BA4C68} = {B4CF277E-3570-4E98-88EE-7F55D09E4351}
	EndGlobalSection
	GlobalSection(ExtensibilityGlobals) = postSolution
		SolutionGuid = {8DE47022-E64A-4D27-A0AE-147B858582D1}
	EndGlobalSection
EndGlobal
